
Microsoft Visual Studio Solution File, Format Version 12.00
# Visual Studio Version 17
VisualStudioVersion = 17.7.34221.43
MinimumVisualStudioVersion = 10.0.40219.1
Project("{FAE04EC0-301F-11D3-BF4B-00C04F79EFBC}") = "YazOkuluDersler", "YazOkuluDersler\YazOkuluDersler.csproj", "{FAC2AA36-CF69-4150-9F33-2CD47C96F427}"
EndProject
Project("{FAE04EC0-301F-11D3-BF4B-00C04F79EFBC}") = "EntityLayer", "EntityLayer\EntityLayer.csproj", "{2760274F-A742-4D74-BB8C-24BA8CA6138E}"
EndProject
Project("{FAE04EC0-301F-11D3-BF4B-00C04F79EFBC}") = "DataAccessLayer", "DataAccessLayer\DataAccessLayer.csproj", "{4FF2A97D-DD5C-4BEE-BF63-9F218FE99264}"
EndProject
Project("{FAE04EC0-301F-11D3-BF4B-00C04F79EFBC}") = "BusinessLogicLayer", "BusinessLogicLayer\BusinessLogicLayer.csproj", "{4555329A-704F-467E-B4CF-6DD43BF44F4E}"
EndProject
Global
	GlobalSection(SolutionConfigurationPlatforms) = preSolution
		Debug|Any CPU = Debug|Any CPU
		Release|Any CPU = Release|Any CPU
	EndGlobalSection
	GlobalSection(ProjectConfigurationPlatforms) = postSolution
		{FAC2AA36-CF69-4150-9F33-2CD47C96F427}.Debug|Any CPU.ActiveCfg = Debug|Any CPU
		{FAC2AA36-CF69-4150-9F33-2CD47C96F427}.Debug|Any CPU.Build.0 = Debug|Any CPU
		{FAC2AA36-CF69-4150-9F33-2CD47C96F427}.Release|Any CPU.ActiveCfg = Release|Any CPU
		{FAC2AA36-CF69-4150-9F33-2CD47C96F427}.Release|Any CPU.Build.0 = Release|Any CPU
		{2760274F-A742-4D74-BB8C-24BA8CA6138E}.Debug|Any CPU.ActiveCfg = Debug|Any CPU
		{2760274F-A742-4D74-BB8C-24BA8CA6138E}.Debug|Any CPU.Build.0 = Debug|Any CPU
		{2760274F-A742-4D74-BB8C-24BA8CA6138E}.Release|Any CPU.ActiveCfg = Release|Any CPU
		{2760274F-A742-4D74-BB8C-24BA8CA6138E}.Release|Any CPU.Build.0 = Release|Any CPU
		{4FF2A97D-DD5C-4BEE-BF63-9F218FE99264}.Debug|Any CPU.ActiveCfg = Debug|Any CPU
		{4FF2A97D-DD5C-4BEE-BF63-9F218FE99264}.Debug|Any CPU.Build.0 = Debug|Any CPU
		{4FF2A97D-DD5C-4BEE-BF63-9F218FE99264}.Release|Any CPU.ActiveCfg = Release|Any CPU
		{4FF2A97D-DD5C-4BEE-BF63-9F218FE99264}.Release|Any CPU.Build.0 = Release|Any CPU
		{4555329A-704F-467E-B4CF-6DD43BF44F4E}.Debug|Any CPU.ActiveCfg = Debug|Any CPU
		{4555329A-704F-467E-B4CF-6DD43BF44F4E}.Debug|Any CPU.Build.0 = Debug|Any CPU
		{4555329A-704F-467E-B4CF-6DD43BF44F4E}.Release|Any CPU.ActiveCfg = Release|Any CPU
		{4555329A-704F-467E-B4CF-6DD43BF44F4E}.Release|Any CPU.Build.0 = Release|Any CPU
	EndGlobalSection
	GlobalSection(SolutionProperties) = preSolution
		HideSolutionNode = FALSE
	EndGlobalSection
	GlobalSection(ExtensibilityGlobals) = postSolution
		SolutionGuid = {D10B931A-84C7-4334-8BAD-E25F0F146BDA}
	EndGlobalSection
EndGlobal
